// !$*UTF8*$!
{
	archiveVersion = 1;
	classes = {
	};
	objectVersion = 110;
	objects = {

/* Begin PBXBuildFile section */
		5A0B1C2D3E4F5A6B7C8D9E01 /* MapLibre in Frameworks */ = {isa = PBXBuildFile; productRef = 5A0B1C2D3E4F5A6B7C8D9E02 /* MapLibre */; };
/* End PBXBuildFile section */

/* Begin PBXContainerItemProxy section */
		509E1D5730696832004324CE /* PBXContainerItemProxy */ = {
			isa = PBXContainerItemProxy;
			containerPortal = 509E1D3D30696832004324CE /* Project object */;
			proxyType = 1;
			remoteGlobalIDString = 509E1D4430696832004324CE;
			remoteInfo = doggo;
		};
		509E1D6130696832004324CE /* PBXContainerItemProxy */ = {
			isa = PBXContainerItemProxy;
			containerPortal = 509E1D3D30696832004324CE /* Project object */;
			proxyType = 1;
			remoteGlobalIDString = 509E1D4430696832004324CE;
			remoteInfo = doggo;
		};
/* End PBXContainerItemProxy section */

/* Begin PBXFileReference section */
		509E1D4530696832004324CE /* doggo.app */ = {isa = PBXFileReference; explicitFileType = wrapper.application; includeInIndex = 0; path = doggo.app; sourceTree = BUILT_PRODUCTS_DIR; };
		509E1D5630696832004324CE /* doggoTests.xctest */ = {isa = PBXFileReference; explicitFileType = wrapper.cfbundle; includeInIndex = 0; path = doggoTests.xctest; sourceTree = BUILT_PRODUCTS_DIR; };
		509E1D6030696832004324CE /* doggoUITests.xctest */ = {isa = PBXFileReference; explicitFileType = wrapper.cfbundle; includeInIndex = 0; path = doggoUITests.xctest; sourceTree = BUILT_PRODUCTS_DIR; };
/* End PBXFileReference section */

/* Begin PBXFileSystemSynchronizedBuildFileExceptionSet section */
		509E1D6630696832004324CE /* Exceptions for "doggo" folder in "doggo" target */ = {
			isa = PBXFileSystemSynchronizedBuildFileExceptionSet;
			membershipExceptions = (
				Info.plist,
			);
			target = 509E1D4430696832004324CE /* doggo */;
		};
/* End PBXFileSystemSynchronizedBuildFileExceptionSet section */

/* Begin PBXFileSystemSynchronizedRootGroup section */
		509E1D4730696832004324CE /* doggo */ = {
			isa = PBXFileSystemSynchronizedRootGroup;
			exceptions = (
				509E1D6630696832004324CE /* Exceptions for "doggo" folder in "doggo" target */,
			);
			path = doggo;
			sourceTree = "<group>";
		};
		509E1D5930696832004324CE /* doggoTests */ = {
			isa = PBXFileSystemSynchronizedRootGroup;
			path = doggoTests;
			sourceTree = "<group>";
		};
		509E1D6330696832004324CE /* doggoUITests */ = {
			isa = PBXFileSystemSynchronizedRootGroup;
			path = doggoUITests;
			sourceTree = "<group>";
		};
/* End PBXFileSystemSynchronizedRootGroup section */

/* Begin PBXFrameworksBuildPhase section */
		509E1D4230696832004324CE /* Frameworks */ = {
			isa = PBXFrameworksBuildPhase;
			files = (
				5A0B1C2D3E4F5A6B7C8D9E01 /* MapLibre in Frameworks */,
			);
		};
		509E1D5330696832004324CE /* Frameworks */ = {
			isa = PBXFrameworksBuildPhase;
			files = (
			);
		};
		509E1D5D30696832004324CE /* Frameworks */ = {
			isa = PBXFrameworksBuildPhase;
			files = (
			);
		};
/* End PBXFrameworksBuildPhase section */

/* Begin PBXGroup section */
		509E1D3C30696832004324CE = {
			isa = PBXGroup;
			children = (
				509E1D4730696832004324CE /* doggo */,
				509E1D5930696832004324CE /* doggoTests */,
				509E1D6330696832004324CE /* doggoUITests */,
				509E1D4630696832004324CE /* Products */,
			);
			sourceTree = "<group>";
		};
		509E1D4630696832004324CE /* Products */ = {
			isa = PBXGroup;
			children = (
				509E1D4530696832004324CE /* doggo.app */,
				509E1D5630696832004324CE /* doggoTests.xctest */,
				509E1D6030696832004324CE /* doggoUITests.xctest */,
			);
			name = Products;
			sourceTree = "<group>";
		};
/* End PBXGroup section */

/* Begin PBXNativeTarget section */
		509E1D4430696832004324CE /* doggo */ = {
			isa = PBXNativeTarget;
			buildConfigurationList = 509E1D6730696832004324CE /* Build configuration list for PBXNativeTarget "doggo" */;
			buildPhases = (
				509E1D4130696832004324CE /* Sources */,
				509E1D4230696832004324CE /* Frameworks */,
				509E1D4330696832004324CE /* Resources */,
			);
			buildRules = (
			);
			fileSystemSynchronizedGroups = (
				509E1D4730696832004324CE /* doggo */,
			);
			name = doggo;
			packageProductDependencies = (
				5A0B1C2D3E4F5A6B7C8D9E02 /* MapLibre */,
			);
			productName = doggo;
			productReference = 509E1D4530696832004324CE /* doggo.app */;
			productType = "com.apple.product-type.application";
		};
		509E1D5530696832004324CE /* doggoTests */ = {
			isa = PBXNativeTarget;
			buildConfigurationList = 509E1D6C30696832004324CE /* Build configuration list for PBXNativeTarget "doggoTests" */;
			buildPhases = (
				509E1D5230696832004324CE /* Sources */,
				509E1D5330696832004324CE /* Frameworks */,
				509E1D5430696832004324CE /* Resources */,
			);
			buildRules = (
			);
			dependencies = (
				509E1D5830696832004324CE /* PBXTargetDependency */,
			);
			fileSystemSynchronizedGroups = (
				509E1D5930696832004324CE /* doggoTests */,
			);
			name = doggoTests;
			productName = doggoTests;
			productReference = 509E1D5630696832004324CE /* doggoTests.xctest */;
			productType = "com.apple.product-type.bundle.unit-test";
		};
		509E1D5F30696832004324CE /* doggoUITests */ = {
			isa = PBXNativeTarget;
			buildConfigurationList = 509E1D6F30696832004324CE /* Build configuration list for PBXNativeTarget "doggoUITests" */;
			buildPhases = (
				509E1D5C30696832004324CE /* Sources */,
				509E1D5D30696832004324CE /* Frameworks */,
				509E1D5E30696832004324CE /* Resources */,
			);
			buildRules = (
			);
			dependencies = (
				509E1D6230696832004324CE /* PBXTargetDependency */,
			);
			fileSystemSynchronizedGroups = (
				509E1D6330696832004324CE /* doggoUITests */,
			);
			name = doggoUITests;
			productName = doggoUITests;
			productReference = 509E1D6030696832004324CE /* doggoUITests.xctest */;
			productType = "com.apple.product-type.bundle.ui-testing";
		};
/* End PBXNativeTarget section */

/* Begin PBXProject section */
		509E1D3D30696832004324CE /* Project object */ = {
			isa = PBXProject;
			attributes = {
				BuildIndependentTargetsInParallel = 1;
				LastSwiftUpdateCheck = 2700;
				LastUpgradeCheck = 2700;
				TargetAttributes = {
					509E1D4430696832004324CE = {
						CreatedOnToolsVersion = 27.0;
					};
					509E1D5530696832004324CE = {
						CreatedOnToolsVersion = 27.0;
						TestTargetID = 509E1D4430696832004324CE;
					};
					509E1D5F30696832004324CE = {
						CreatedOnToolsVersion = 27.0;
						TestTargetID = 509E1D4430696832004324CE;
					};
				};
			};
			buildConfigurationList = 509E1D4030696832004324CE /* Build configuration list for PBXProject "doggo" */;
			developmentRegion = en;
			hasScannedForEncodings = 0;
			knownRegions = (
				en,
				Base,
			);
			mainGroup = 509E1D3C30696832004324CE;
			minimizedProjectReferenceProxies = 1;
			packageReferences = (
				5A0B1C2D3E4F5A6B7C8D9E03 /* XCRemoteSwiftPackageReference "maplibre-gl-native-distribution" */,
			);
			preferredProjectObjectVersion = 77;
			productRefGroup = 509E1D4630696832004324CE /* Products */;
			projectDirPath = "";
			projectRoot = "";
			targets = (
				509E1D4430696832004324CE /* doggo */,
				509E1D5530696832004324CE /* doggoTests */,
				509E1D5F30696832004324CE /* doggoUITests */,
			);
		};
/* End PBXProject section */

/* Begin PBXResourcesBuildPhase section */
		509E1D4330696832004324CE /* Resources */ = {
			isa = PBXResourcesBuildPhase;
			files = (
			);
		};
		509E1D5430696832004324CE /* Resources */ = {
			isa = PBXResourcesBuildPhase;
			files = (
			);
		};
		509E1D5E30696832004324CE /* Resources */ = {
			isa = PBXResourcesBuildPhase;
			files = (
			);
		};
/* End PBXResourcesBuildPhase section */

/* Begin PBXSourcesBuildPhase section */
		509E1D4130696832004324CE /* Sources */ = {
			isa = PBXSourcesBuildPhase;
			files = (
			);
		};
		509E1D5230696832004324CE /* Sources */ = {
			isa = PBXSourcesBuildPhase;
			files = (
			);
		};
		509E1D5C30696832004324CE /* Sources */ = {
			isa = PBXSourcesBuildPhase;
			files = (
			);
		};
/* End PBXSourcesBuildPhase section */

/* Begin PBXTargetDependency section */
		509E1D5830696832004324CE /* PBXTargetDependency */ = {
			isa = PBXTargetDependency;
			target = 509E1D4430696832004324CE /* doggo */;
			targetProxy = 509E1D5730696832004324CE /* PBXContainerItemProxy */;
		};
		509E1D6230696832004324CE /* PBXTargetDependency */ = {
			isa = PBXTargetDependency;
			target = 509E1D4430696832004324CE /* doggo */;
			targetProxy = 509E1D6130696832004324CE /* PBXContainerItemProxy */;
		};
/* End PBXTargetDependency section */

/* Begin XCBuildConfiguration section */
		509E1D6830696832004324CE /* Debug configuration for PBXNativeTarget "doggo" */ = {
			isa = XCBuildConfiguration;
			buildSettings = {
				ASSETCATALOG_COMPILER_APPICON_NAME = AppIcon;
				ASSETCATALOG_COMPILER_GLOBAL_ACCENT_COLOR_NAME = AccentColor;
				CODE_SIGN_ENTITLEMENTS = doggo/doggo.entitlements;
				CODE_SIGN_STYLE = Automatic;
				CURRENT_PROJECT_VERSION = 1;
				DEVELOPMENT_TEAM = SN9ZRX75M3;
				ENABLE_PREVIEWS = YES;
				GENERATE_INFOPLIST_FILE = YES;
				INFOPLIST_FILE = doggo/Info.plist;
				INFOPLIST_KEY_UIApplicationSceneManifest_Generation = YES;
				INFOPLIST_KEY_UIApplicationSupportsIndirectInputEvents = YES;
				INFOPLIST_KEY_UILaunchScreen_Generation = YES;
				INFOPLIST_KEY_UISupportedInterfaceOrientations_iPad = "UIInterfaceOrientationPortrait UIInterfaceOrientationPortraitUpsideDown UIInterfaceOrientationLandscapeLeft UIInterfaceOrientationLandscapeRight";
				INFOPLIST_KEY_UISupportedInterfaceOrientations_iPhone = "UIInterfaceOrientationPortrait UIInterfaceOrientationLandscapeLeft UIInterfaceOrientationLandscapeRight";
				LD_RUNPATH_SEARCH_PATHS = (
					"$(inherited)",
					"@executable_path/Frameworks",
				);
				MARKETING_VERSION = 1.0;
				PRODUCT_BUNDLE_IDENTIFIER = ch.mwalterskirchen.doggo;
				PRODUCT_NAME = "$(TARGET_NAME)";
				STRING_CATALOG_GENERATE_SYMBOLS = YES;
				SWIFT_APPROACHABLE_CONCURRENCY = YES;
				SWIFT_DEFAULT_ACTOR_ISOLATION = MainActor;
				SWIFT_EMIT_LOC_STRINGS = YES;
				SWIFT_UPCOMING_FEATURE_MEMBER_IMPORT_VISIBILITY = YES;
				SWIFT_VERSION = 5.0;
				TARGETED_DEVICE_FAMILY = "1,2";
			};
			name = Debug;
		};
		509E1D6930696832004324CE /* Release configuration for PBXNativeTarget "doggo" */ = {
			isa = XCBuildConfiguration;
			buildSettings = {
				ASSETCATALOG_COMPILER_APPICON_NAME = AppIcon;
				ASSETCATALOG_COMPILER_GLOBAL_ACCENT_COLOR_NAME = AccentColor;
				CODE_SIGN_ENTITLEMENTS = doggo/doggo.entitlements;
				CODE_SIGN_STYLE = Automatic;
				CURRENT_PROJECT_VERSION = 1;
				DEVELOPMENT_TEAM = SN9ZRX75M3;
				ENABLE_PREVIEWS = YES;
				GENERATE_INFOPLIST_FILE = YES;
				INFOPLIST_FILE = doggo/Info.plist;
				INFOPLIST_KEY_UIApplicationSceneManifest_Generation = YES;
				INFOPLIST_KEY_UIApplicationSupportsIndirectInputEvents = YES;
				INFOPLIST_KEY_UILaunchScreen_Generation = YES;
				INFOPLIST_KEY_UISupportedInterfaceOrientations_iPad = "UIInterfaceOrientationPortrait UIInterfaceOrientationPortraitUpsideDown UIInterfaceOrientationLandscapeLeft UIInterfaceOrientationLandscapeRight";
				INFOPLIST_KEY_UISupportedInterfaceOrientations_iPhone = "UIInterfaceOrientationPortrait UIInterfaceOrientationLandscapeLeft UIInterfaceOrientationLandscapeRight";
				LD_RUNPATH_SEARCH_PATHS = (
					"$(inherited)",
					"@executable_path/Frameworks",
				);
				MARKETING_VERSION = 1.0;
				PRODUCT_BUNDLE_IDENTIFIER = ch.mwalterskirchen.doggo;
				PRODUCT_NAME = "$(TARGET_NAME)";
				STRING_CATALOG_GENERATE_SYMBOLS = YES;
				SWIFT_APPROACHABLE_CONCURRENCY = YES;
				SWIFT_DEFAULT_ACTOR_ISOLATION = MainActor;
				SWIFT_EMIT_LOC_STRINGS = YES;
				SWIFT_UPCOMING_FEATURE_MEMBER_IMPORT_VISIBILITY = YES;
				SWIFT_VERSION = 5.0;
				TARGETED_DEVICE_FAMILY = "1,2";
			};
			name = Release;
		};
		509E1D6A30696832004324CE /* Debug configuration for PBXProject "doggo" */ = {
			isa = XCBuildConfiguration;
			buildSettings = {
				ALWAYS_SEARCH_USER_PATHS = NO;
				ASSETCATALOG_COMPILER_GENERATE_SWIFT_ASSET_SYMBOL_EXTENSIONS = YES;
				CLANG_ANALYZER_NONNULL = YES;
				CLANG_ANALYZER_NUMBER_OBJECT_CONVERSION = YES_AGGRESSIVE;
				CLANG_CXX_LANGUAGE_STANDARD = "gnu++20";
				CLANG_ENABLE_MODULES = YES;
				CLANG_ENABLE_OBJC_ARC = YES;
				CLANG_ENABLE_OBJC_WEAK = YES;
				CLANG_WARN_BLOCK_CAPTURE_AUTORELEASING = YES;
				CLANG_WARN_BOOL_CONVERSION = YES;
				CLANG_WARN_COMMA = YES;
				CLANG_WARN_CONSTANT_CONVERSION = YES;
				CLANG_WARN_DEPRECATED_OBJC_IMPLEMENTATIONS = YES;
				CLANG_WARN_DIRECT_OBJC_ISA_USAGE = YES_ERROR;
				CLANG_WARN_DOCUMENTATION_COMMENTS = YES;
				CLANG_WARN_EMPTY_BODY = YES;
				CLANG_WARN_ENUM_CONVERSION = YES;
				CLANG_WARN_INFINITE_RECURSION = YES;
				CLANG_WARN_INT_CONVERSION = YES;
				CLANG_WARN_NON_LITERAL_NULL_CONVERSION = YES;
				CLANG_WARN_OBJC_IMPLICIT_RETAIN_SELF = YES;
				CLANG_WARN_OBJC_LITERAL_CONVERSION = YES;
				CLANG_WARN_OBJC_ROOT_CLASS = YES_ERROR;
				CLANG_WARN_QUOTED_INCLUDE_IN_FRAMEWORK_HEADER = YES;
				CLANG_WARN_RANGE_LOOP_ANALYSIS = YES;
				CLANG_WARN_STRICT_PROTOTYPES = YES;
				CLANG_WARN_SUSPICIOUS_MOVE = YES;
				CLANG_WARN_UNGUARDED_AVAILABILITY = YES_AGGRESSIVE;
				CLANG_WARN_UNREACHABLE_CODE = YES;
				CLANG_WARN__DUPLICATE_METHOD_MATCH = YES;
				COPY_PHASE_STRIP = NO;
				DEBUG_INFORMATION_FORMAT = dwarf;
				DEVELOPMENT_TEAM = SN9ZRX75M3;
				ENABLE_STRICT_OBJC_MSGSEND = YES;
				ENABLE_TESTABILITY = YES;
				ENABLE_USER_SCRIPT_SANDBOXING = YES;
				GCC_C_LANGUAGE_STANDARD = gnu17;
				GCC_DYNAMIC_NO_PIC = NO;
				GCC_NO_COMMON_BLOCKS = YES;
				GCC_OPTIMIZATION_LEVEL = 0;
				GCC_PREPROCESSOR_DEFINITIONS = (
					"DEBUG=1",
					"$(inherited)",
				);
				GCC_WARN_64_TO_32_BIT_CONVERSION = YES;
				GCC_WARN_ABOUT_RETURN_TYPE = YES_ERROR;
				GCC_WARN_UNDECLARED_SELECTOR = YES;
				GCC_WARN_UNINITIALIZED_AUTOS = YES_AGGRESSIVE;
				GCC_WARN_UNUSED_FUNCTION = YES;
				GCC_WARN_UNUSED_VARIABLE = YES;
				IPHONEOS_DEPLOYMENT_TARGET = 27.0;
				LOCALIZATION_PREFERS_STRING_CATALOGS = YES;
				MTL_ENABLE_DEBUG_INFO = INCLUDE_SOURCE;
				MTL_FAST_MATH = YES;
				ONLY_ACTIVE_ARCH = YES;
				SDKROOT = iphoneos;
				SWIFT_ACTIVE_COMPILATION_CONDITIONS = "DEBUG $(inherited)";
				SWIFT_OPTIMIZATION_LEVEL = "-Onone";
			};
			name = Debug;
		};
		509E1D6B30696832004324CE /* Release configuration for PBXProject "doggo" */ = {
			isa = XCBuildConfiguration;
			buildSettings = {
				ALWAYS_SEARCH_USER_PATHS = NO;
				ASSETCATALOG_COMPILER_GENERATE_SWIFT_ASSET_SYMBOL_EXTENSIONS = YES;
				CLANG_ANALYZER_NONNULL = YES;
				CLANG_ANALYZER_NUMBER_OBJECT_CONVERSION = YES_AGGRESSIVE;
				CLANG_CXX_LANGUAGE_STANDARD = "gnu++20";
				CLANG_ENABLE_MODULES = YES;
				CLANG_ENABLE_OBJC_ARC = YES;
				CLANG_ENABLE_OBJC_WEAK = YES;
				CLANG_WARN_BLOCK_CAPTURE_AUTORELEASING = YES;
				CLANG_WARN_BOOL_CONVERSION = YES;
				CLANG_WARN_COMMA = YES;
				CLANG_WARN_CONSTANT_CONVERSION = YES;
				CLANG_WARN_DEPRECATED_OBJC_IMPLEMENTATIONS = YES;
				CLANG_WARN_DIRECT_OBJC_ISA_USAGE = YES_ERROR;
				CLANG_WARN_DOCUMENTATION_COMMENTS = YES;
				CLANG_WARN_EMPTY_BODY = YES;
				CLANG_WARN_ENUM_CONVERSION = YES;
				CLANG_WARN_INFINITE_RECURSION = YES;
				CLANG_WARN_INT_CONVERSION = YES;
				CLANG_WARN_NON_LITERAL_NULL_CONVERSION = YES;
				CLANG_WARN_OBJC_IMPLICIT_RETAIN_SELF = YES;
				CLANG_WARN_OBJC_LITERAL_CONVERSION = YES;
				CLANG_WARN_OBJC_ROOT_CLASS = YES_ERROR;
				CLANG_WARN_QUOTED_INCLUDE_IN_FRAMEWORK_HEADER = YES;
				CLANG_WARN_RANGE_LOOP_ANALYSIS = YES;
				CLANG_WARN_STRICT_PROTOTYPES = YES;
				CLANG_WARN_SUSPICIOUS_MOVE = YES;
				CLANG_WARN_UNGUARDED_AVAILABILITY = YES_AGGRESSIVE;
				CLANG_WARN_UNREACHABLE_CODE = YES;
				CLANG_WARN__DUPLICATE_METHOD_MATCH = YES;
				COPY_PHASE_STRIP = NO;
				DEBUG_INFORMATION_FORMAT = "dwarf-with-dsym";
				DEVELOPMENT_TEAM = SN9ZRX75M3;
				ENABLE_NS_ASSERTIONS = NO;
				ENABLE_STRICT_OBJC_MSGSEND = YES;
				ENABLE_USER_SCRIPT_SANDBOXING = YES;
				GCC_C_LANGUAGE_STANDARD = gnu17;
				GCC_NO_COMMON_BLOCKS = YES;
				GCC_WARN_64_TO_32_BIT_CONVERSION = YES;
				GCC_WARN_ABOUT_RETURN_TYPE = YES_ERROR;
				GCC_WARN_UNDECLARED_SELECTOR = YES;
				GCC_WARN_UNINITIALIZED_AUTOS = YES_AGGRESSIVE;
				GCC_WARN_UNUSED_FUNCTION = YES;
				GCC_WARN_UNUSED_VARIABLE = YES;
				IPHONEOS_DEPLOYMENT_TARGET = 27.0;
				LOCALIZATION_PREFERS_STRING_CATALOGS = YES;
				MTL_ENABLE_DEBUG_INFO = NO;
				MTL_FAST_MATH = YES;
				SDKROOT = iphoneos;
				SWIFT_COMPILATION_MODE = wholemodule;
				VALIDATE_PRODUCT = YES;
			};
			name = Release;
		};
		509E1D6D30696832004324CE /* Debug configuration for PBXNativeTarget "doggoTests" */ = {
			isa = XCBuildConfiguration;
			buildSettings = {
				BUNDLE_LOADER = "$(TEST_HOST)";
				CODE_SIGN_STYLE = Automatic;
				CURRENT_PROJECT_VERSION = 1;
				DEVELOPMENT_TEAM = SN9ZRX75M3;
				GENERATE_INFOPLIST_FILE = YES;
				IPHONEOS_DEPLOYMENT_TARGET = 27.0;
				MARKETING_VERSION = 1.0;
				PRODUCT_BUNDLE_IDENTIFIER = ch.mwalterskirchen.doggoTests;
				PRODUCT_NAME = "$(TARGET_NAME)";
				STRING_CATALOG_GENERATE_SYMBOLS = NO;
				SWIFT_APPROACHABLE_CONCURRENCY = YES;
				SWIFT_EMIT_LOC_STRINGS = NO;
				SWIFT_UPCOMING_FEATURE_MEMBER_IMPORT_VISIBILITY = YES;
				SWIFT_VERSION = 5.0;
				TARGETED_DEVICE_FAMILY = "1,2";
				TEST_HOST = "$(BUILT_PRODUCTS_DIR)/doggo.app/$(BUNDLE_EXECUTABLE_FOLDER_PATH)/doggo";
			};
			name = Debug;
		};
		509E1D6E30696832004324CE /* Release configuration for PBXNativeTarget "doggoTests" */ = {
			isa = XCBuildConfiguration;
			buildSettings = {
				BUNDLE_LOADER = "$(TEST_HOST)";
				CODE_SIGN_STYLE = Automatic;
				CURRENT_PROJECT_VERSION = 1;
				DEVELOPMENT_TEAM = SN9ZRX75M3;
				GENERATE_INFOPLIST_FILE = YES;
				IPHONEOS_DEPLOYMENT_TARGET = 27.0;
				MARKETING_VERSION = 1.0;
				PRODUCT_BUNDLE_IDENTIFIER = ch.mwalterskirchen.doggoTests;
				PRODUCT_NAME = "$(TARGET_NAME)";
				STRING_CATALOG_GENERATE_SYMBOLS = NO;
				SWIFT_APPROACHABLE_CONCURRENCY = YES;
				SWIFT_EMIT_LOC_STRINGS = NO;
				SWIFT_UPCOMING_FEATURE_MEMBER_IMPORT_VISIBILITY = YES;
				SWIFT_VERSION = 5.0;
				TARGETED_DEVICE_FAMILY = "1,2";
				TEST_HOST = "$(BUILT_PRODUCTS_DIR)/doggo.app/$(BUNDLE_EXECUTABLE_FOLDER_PATH)/doggo";
			};
			name = Release;
		};
		509E1D7030696832004324CE /* Debug configuration for PBXNativeTarget "doggoUITests" */ = {
			isa = XCBuildConfiguration;
			buildSettings = {
				CODE_SIGN_STYLE = Automatic;
				CURRENT_PROJECT_VERSION = 1;
				DEVELOPMENT_TEAM = SN9ZRX75M3;
				GENERATE_INFOPLIST_FILE = YES;
				MARKETING_VERSION = 1.0;
				PRODUCT_BUNDLE_IDENTIFIER = ch.mwalterskirchen.doggoUITests;
				PRODUCT_NAME = "$(TARGET_NAME)";
				STRING_CATALOG_GENERATE_SYMBOLS = NO;
				SWIFT_APPROACHABLE_CONCURRENCY = YES;
				SWIFT_EMIT_LOC_STRINGS = NO;
				SWIFT_UPCOMING_FEATURE_MEMBER_IMPORT_VISIBILITY = YES;
				SWIFT_VERSION = 5.0;
				TARGETED_DEVICE_FAMILY = "1,2";
				TEST_TARGET_NAME = doggo;
			};
			name = Debug;
		};
		509E1D7130696832004324CE /* Release configuration for PBXNativeTarget "doggoUITests" */ = {
			isa = XCBuildConfiguration;
			buildSettings = {
				CODE_SIGN_STYLE = Automatic;
				CURRENT_PROJECT_VERSION = 1;
				DEVELOPMENT_TEAM = SN9ZRX75M3;
				GENERATE_INFOPLIST_FILE = YES;
				MARKETING_VERSION = 1.0;
				PRODUCT_BUNDLE_IDENTIFIER = ch.mwalterskirchen.doggoUITests;
				PRODUCT_NAME = "$(TARGET_NAME)";
				STRING_CATALOG_GENERATE_SYMBOLS = NO;
				SWIFT_APPROACHABLE_CONCURRENCY = YES;
				SWIFT_EMIT_LOC_STRINGS = NO;
				SWIFT_UPCOMING_FEATURE_MEMBER_IMPORT_VISIBILITY = YES;
				SWIFT_VERSION = 5.0;
				TARGETED_DEVICE_FAMILY = "1,2";
				TEST_TARGET_NAME = doggo;
			};
			name = Release;
		};
/* End XCBuildConfiguration section */

/* Begin XCConfigurationList section */
		509E1D4030696832004324CE /* Build configuration list for PBXProject "doggo" */ = {
			isa = XCConfigurationList;
			buildConfigurations = (
				509E1D6A30696832004324CE /* Debug configuration for PBXProject "doggo" */,
				509E1D6B30696832004324CE /* Release configuration for PBXProject "doggo" */,
			);
			defaultConfigurationName = Release;
		};
		509E1D6730696832004324CE /* Build configuration list for PBXNativeTarget "doggo" */ = {
			isa = XCConfigurationList;
			buildConfigurations = (
				509E1D6830696832004324CE /* Debug configuration for PBXNativeTarget "doggo" */,
				509E1D6930696832004324CE /* Release configuration for PBXNativeTarget "doggo" */,
			);
			defaultConfigurationName = Release;
		};
		509E1D6C30696832004324CE /* Build configuration list for PBXNativeTarget "doggoTests" */ = {
			isa = XCConfigurationList;
			buildConfigurations = (
				509E1D6D30696832004324CE /* Debug configuration for PBXNativeTarget "doggoTests" */,
				509E1D6E30696832004324CE /* Release configuration for PBXNativeTarget "doggoTests" */,
			);
			defaultConfigurationName = Release;
		};
		509E1D6F30696832004324CE /* Build configuration list for PBXNativeTarget "doggoUITests" */ = {
			isa = XCConfigurationList;
			buildConfigurations = (
				509E1D7030696832004324CE /* Debug configuration for PBXNativeTarget "doggoUITests" */,
				509E1D7130696832004324CE /* Release configuration for PBXNativeTarget "doggoUITests" */,
			);
			defaultConfigurationName = Release;
		};
/* End XCConfigurationList section */

/* Begin XCRemoteSwiftPackageReference section */
		5A0B1C2D3E4F5A6B7C8D9E03 /* XCRemoteSwiftPackageReference "maplibre-gl-native-distribution" */ = {
			isa = XCRemoteSwiftPackageReference;
			repositoryURL = "https://github.com/maplibre/maplibre-gl-native-distribution";
			requirement = {
				kind = upToNextMajorVersion;
				minimumVersion = 6.31.0;
			};
		};
/* End XCRemoteSwiftPackageReference section */

/* Begin XCSwiftPackageProductDependency section */
		5A0B1C2D3E4F5A6B7C8D9E02 /* MapLibre */ = {
			isa = XCSwiftPackageProductDependency;
			package = 5A0B1C2D3E4F5A6B7C8D9E03 /* XCRemoteSwiftPackageReference "maplibre-gl-native-distribution" */;
			productName = MapLibre;
		};
/* End XCSwiftPackageProductDependency section */
	};
	rootObject = 509E1D3D30696832004324CE /* Project object */;
	validationLevel = 1;
}
